
Microsoft Visual Studio Solution File, Format Version 12.00
# Visual Studio 15
VisualStudioVersion = 15.0.28307.779
MinimumVisualStudioVersion = 10.0.40219.1
Project("{FAE04EC0-301F-11D3-BF4B-00C04F79EFBC}") = "ProjetoWebFacu", "ProjetoWebFacu\ProjetoWebFacu.csproj", "{22163D5D-D31B-42A9-AC1F-43004EF3E475}"
EndProject
Global
	GlobalSection(SolutionConfigurationPlatforms) = preSolution
		Debug|Any CPU = Debug|Any CPU
		Release|Any CPU = Release|Any CPU
	EndGlobalSection
	GlobalSection(ProjectConfigurationPlatforms) = postSolution
		{22163D5D-D31B-42A9-AC1F-43004EF3E475}.Debug|Any CPU.ActiveCfg = Debug|Any CPU
		{22163D5D-D31B-42A9-AC1F-43004EF3E475}.Debug|Any CPU.Build.0 = Debug|Any CPU
		{22163D5D-D31B-42A9-AC1F-43004EF3E475}.Release|Any CPU.ActiveCfg = Release|Any CPU
		{22163D5D-D31B-42A9-AC1F-43004EF3E475}.Release|Any CPU.Build.0 = Release|Any CPU
	EndGlobalSection
	GlobalSection(SolutionProperties) = preSolution
		HideSolutionNode = FALSE
	EndGlobalSection
	GlobalSection(ExtensibilityGlobals) = postSolution
		SolutionGuid = {A9439160-7BBC-4C15-8E58-2D376627956D}
	EndGlobalSection
EndGlobal
